
Microsoft Visual Studio Solution File, Format Version 12.00
# Visual Studio Version 17
VisualStudioVersion = 17.0.31912.275
MinimumVisualStudioVersion = 10.0.40219.1
Project("{8BC9CEB8-8B4A-11D0-8D11-00A0C91BC942}") = "zad5", "zad5\zad5.vcxproj", "{94EC0F3A-0C21-4B70-A5AA-2057E4FBB1B4}"
EndProject
Global
	GlobalSection(SolutionConfigurationPlatforms) = preSolution
		Debug|x64 = Debug|x64
		Debug|x86 = Debug|x86
		Release|x64 = Release|x64
		Release|x86 = Release|x86
	EndGlobalSection
	GlobalSection(ProjectConfigurationPlatforms) = postSolution
		{94EC0F3A-0C21-4B70-A5AA-2057E4FBB1B4}.Debug|x64.ActiveCfg = Debug|x64
		{94EC0F3A-0C21-4B70-A5AA-2057E4FBB1B4}.Debug|x64.Build.0 = Debug|x64
		{94EC0F3A-0C21-4B70-A5AA-2057E4FBB1B4}.Debug|x86.ActiveCfg = Debug|Win32
		{94EC0F3A-0C21-4B70-A5AA-2057E4FBB1B4}.Debug|x86.Build.0 = Debug|Win32
		{94EC0F3A-0C21-4B70-A5AA-2057E4FBB1B4}.Release|x64.ActiveCfg = Release|x64
		{94EC0F3A-0C21-4B70-A5AA-2057E4FBB1B4}.Release|x64.Build.0 = Release|x64
		{94EC0F3A-0C21-4B70-A5AA-2057E4FBB1B4}.Release|x86.ActiveCfg = Release|Win32
		{94EC0F3A-0C21-4B70-A5AA-2057E4FBB1B4}.Release|x86.Build.0 = Release|Win32
	EndGlobalSection
	GlobalSection(SolutionProperties) = preSolution
		HideSolutionNode = FALSE
	EndGlobalSection
	GlobalSection(ExtensibilityGlobals) = postSolution
		SolutionGuid = {094885F4-B14F-4AE1-A8F5-41565710911A}
	EndGlobalSection
EndGlobal
